
Microsoft Visual Studio Solution File, Format Version 12.00
# Visual Studio Version 17
VisualStudioVersion = 17.5.33627.172
MinimumVisualStudioVersion = 10.0.40219.1
Project("{FAE04EC0-301F-11D3-BF4B-00C04F79EFBC}") = "Api", "Api\Api.csproj", "{9AF32093-06DE-48F3-9C09-067EEA4BFCE6}"
EndProject
Project("{FAE04EC0-301F-11D3-BF4B-00C04F79EFBC}") = "Infrastructure", "Infrastructure\Infrastructure.csproj", "{4969E6A7-5CFA-4AF1-BE9E-0598DC2484DF}"
EndProject
Project("{FAE04EC0-301F-11D3-BF4B-00C04F79EFBC}") = "Application", "Application\Application.csproj", "{0A7C364C-E8A5-4A69-BA84-92007DA9F080}"
EndProject
Project("{FAE04EC0-301F-11D3-BF4B-00C04F79EFBC}") = "Core", "Core\Core.csproj", "{F9C55B37-8284-47D8-8D1C-AF1F027041A9}"
EndProject
Global
	GlobalSection(SolutionConfigurationPlatforms) = preSolution
		Debug|Any CPU = Debug|Any CPU
		Release|Any CPU = Release|Any CPU
	EndGlobalSection
	GlobalSection(ProjectConfigurationPlatforms) = postSolution
		{9AF32093-06DE-48F3-9C09-067EEA4BFCE6}.Debug|Any CPU.ActiveCfg = Debug|Any CPU
		{9AF32093-06DE-48F3-9C09-067EEA4BFCE6}.Debug|Any CPU.Build.0 = Debug|Any CPU
		{9AF32093-06DE-48F3-9C09-067EEA4BFCE6}.Release|Any CPU.ActiveCfg = Release|Any CPU
		{9AF32093-06DE-48F3-9C09-067EEA4BFCE6}.Release|Any CPU.Build.0 = Release|Any CPU
		{4969E6A7-5CFA-4AF1-BE9E-0598DC2484DF}.Debug|Any CPU.ActiveCfg = Debug|Any CPU
		{4969E6A7-5CFA-4AF1-BE9E-0598DC2484DF}.Debug|Any CPU.Build.0 = Debug|Any CPU
		{4969E6A7-5CFA-4AF1-BE9E-0598DC2484DF}.Release|Any CPU.ActiveCfg = Release|Any CPU
		{4969E6A7-5CFA-4AF1-BE9E-0598DC2484DF}.Release|Any CPU.Build.0 = Release|Any CPU
		{0A7C364C-E8A5-4A69-BA84-92007DA9F080}.Debug|Any CPU.ActiveCfg = Debug|Any CPU
		{0A7C364C-E8A5-4A69-BA84-92007DA9F080}.Debug|Any CPU.Build.0 = Debug|Any CPU
		{0A7C364C-E8A5-4A69-BA84-92007DA9F080}.Release|Any CPU.ActiveCfg = Release|Any CPU
		{0A7C364C-E8A5-4A69-BA84-92007DA9F080}.Release|Any CPU.Build.0 = Release|Any CPU
		{F9C55B37-8284-47D8-8D1C-AF1F027041A9}.Debug|Any CPU.ActiveCfg = Debug|Any CPU
		{F9C55B37-8284-47D8-8D1C-AF1F027041A9}.Debug|Any CPU.Build.0 = Debug|Any CPU
		{F9C55B37-8284-47D8-8D1C-AF1F027041A9}.Release|Any CPU.ActiveCfg = Release|Any CPU
		{F9C55B37-8284-47D8-8D1C-AF1F027041A9}.Release|Any CPU.Build.0 = Release|Any CPU
	EndGlobalSection
	GlobalSection(SolutionProperties) = preSolution
		HideSolutionNode = FALSE
	EndGlobalSection
	GlobalSection(ExtensibilityGlobals) = postSolution
		SolutionGuid = {E7713215-7280-4774-A663-08FEE7134EF8}
	EndGlobalSection
EndGlobal
